
Microsoft Visual Studio Solution File, Format Version 12.00
# Visual Studio Version 17
VisualStudioVersion = 17.10.35013.160
MinimumVisualStudioVersion = 10.0.40219.1
Project("{FAE04EC0-301F-11D3-BF4B-00C04F79EFBC}") = "StoreManagement", "StoreManagement.csproj", "{A7C316E5-8C05-420F-8BF7-B5C36836909A}"
EndProject
Project("{FAE04EC0-301F-11D3-BF4B-00C04F79EFBC}") = "Repositories", "..\Repositories\Repositories.csproj", "{9D89045B-AFFB-4447-A1C9-276A8C26F233}"
EndProject
Project("{FAE04EC0-301F-11D3-BF4B-00C04F79EFBC}") = "Services", "..\Services\Services.csproj", "{38B3034B-E3AB-4124-A197-F2414869F95A}"
EndProject
Global
	GlobalSection(SolutionConfigurationPlatforms) = preSolution
		Debug|Any CPU = Debug|Any CPU
		Release|Any CPU = Release|Any CPU
	EndGlobalSection
	GlobalSection(ProjectConfigurationPlatforms) = postSolution
		{A7C316E5-8C05-420F-8BF7-B5C36836909A}.Debug|Any CPU.ActiveCfg = Debug|Any CPU
		{A7C316E5-8C05-420F-8BF7-B5C36836909A}.Debug|Any CPU.Build.0 = Debug|Any CPU
		{A7C316E5-8C05-420F-8BF7-B5C36836909A}.Release|Any CPU.ActiveCfg = Release|Any CPU
		{A7C316E5-8C05-420F-8BF7-B5C36836909A}.Release|Any CPU.Build.0 = Release|Any CPU
		{9D89045B-AFFB-4447-A1C9-276A8C26F233}.Debug|Any CPU.ActiveCfg = Debug|Any CPU
		{9D89045B-AFFB-4447-A1C9-276A8C26F233}.Debug|Any CPU.Build.0 = Debug|Any CPU
		{9D89045B-AFFB-4447-A1C9-276A8C26F233}.Release|Any CPU.ActiveCfg = Release|Any CPU
		{9D89045B-AFFB-4447-A1C9-276A8C26F233}.Release|Any CPU.Build.0 = Release|Any CPU
		{38B3034B-E3AB-4124-A197-F2414869F95A}.Debug|Any CPU.ActiveCfg = Debug|Any CPU
		{38B3034B-E3AB-4124-A197-F2414869F95A}.Debug|Any CPU.Build.0 = Debug|Any CPU
		{38B3034B-E3AB-4124-A197-F2414869F95A}.Release|Any CPU.ActiveCfg = Release|Any CPU
		{38B3034B-E3AB-4124-A197-F2414869F95A}.Release|Any CPU.Build.0 = Release|Any CPU
	EndGlobalSection
	GlobalSection(SolutionProperties) = preSolution
		HideSolutionNode = FALSE
	EndGlobalSection
	GlobalSection(ExtensibilityGlobals) = postSolution
		SolutionGuid = {5E4142D7-14B6-48C2-8410-4A6156C5DF37}
	EndGlobalSection
EndGlobal
